// !$*UTF8*$!
{
	archiveVersion = 1;
	classes = {
	};
	objectVersion = 46;
	objects = {

/* Begin PBXBuildFile section */
		140B526F1FA419A200F7C63E /* SimpleClass.swift in Sources */ = {isa = PBXBuildFile; fileRef = 35CDFE5E0B5A26FCFEF40BEA /* SimpleClass.swift */; };
		14A4551E1F365EDC008E82EE /* AppDelegate.swift in Sources */ = {isa = PBXBuildFile; fileRef = 14A4551D1F365EDC008E82EE /* AppDelegate.swift */; };
		14A455201F365EDC008E82EE /* ViewController.swift in Sources */ = {isa = PBXBuildFile; fileRef = 14A4551F1F365EDC008E82EE /* ViewController.swift */; };
		14A455231F365EDC008E82EE /* Main.storyboard in Resources */ = {isa = PBXBuildFile; fileRef = 14A455211F365EDC008E82EE /* Main.storyboard */; };
		14A455251F365EDC008E82EE /* Assets.xcassets in Resources */ = {isa = PBXBuildFile; fileRef = 14A455241F365EDC008E82EE /* Assets.xcassets */; };
		14A455281F365EDC008E82EE /* LaunchScreen.storyboard in Resources */ = {isa = PBXBuildFile; fileRef = 14A455261F365EDC008E82EE /* LaunchScreen.storyboard */; };
		14A4552D1F366235008E82EE /* NotAvailableInProductionCodeTarget.swift in Sources */ = {isa = PBXBuildFile; fileRef = 35CDFFB32842F28746145AC6 /* NotAvailableInProductionCodeTarget.swift */; };
		14F452981F3D01A100452560 /* Keywords.swift in Sources */ = {isa = PBXBuildFile; fileRef = 35CDF1FE4E91F537E2F1FD12 /* Keywords.swift */; };
		14F4529A1F3D01C100452560 /* Keywords.swift in Sources */ = {isa = PBXBuildFile; fileRef = 35CDF1FE4E91F537E2F1FD12 /* Keywords.swift */; };
		35CDF020BB6644E2403C680F /* InferredTypeClassMock.swift in Sources */ = {isa = PBXBuildFile; fileRef = 35CDF3F08603C2AB53FFF1BA /* InferredTypeClassMock.swift */; };
		35CDF06D44F883D45A5B6D80 /* LaunchScreen.storyboard in Resources */ = {isa = PBXBuildFile; fileRef = 35CDF434C8CF2AC28EBA0449 /* LaunchScreen.storyboard */; };
		35CDF07EBFEFAA74DBA795CF /* DeepInheritance.swift in Sources */ = {isa = PBXBuildFile; fileRef = 35CDF7F954D7C31568CA4A75 /* DeepInheritance.swift */; };
		35CDF092AE91BE6FDDA4CD24 /* FinalClass.swift in Sources */ = {isa = PBXBuildFile; fileRef = 35CDF0314EA01EEB30DCB32F /* FinalClass.swift */; };
		35CDF0C310F5B85DB745656E /* DefaultValuesMock.swift in Sources */ = {isa = PBXBuildFile; fileRef = 35CDF531AE6C643F9069DEB3 /* DefaultValuesMock.swift */; };
		35CDF0C44B877824D546E478 /* ClosureProtocol.swift in Sources */ = {isa = PBXBuildFile; fileRef = 35CDFAAB4C4FA1B8510B8FB7 /* ClosureProtocol.swift */; };
		35CDF1229A27D0DBA86FECB2 /* PropertyClassMock.swift in Sources */ = {isa = PBXBuildFile; fileRef = 35CDFF920396514504E51E3E /* PropertyClassMock.swift */; };
		35CDF1289D3702953D8FB1EA /* OpenProtocolMock_expected.swift in Sources */ = {isa = PBXBuildFile; fileRef = 35CDFEDDECA15AFAFF06D0D9 /* OpenProtocolMock_expected.swift */; };
		35CDF155231C1B7055BB43E8 /* RequiredInitialiserClass.swift in Sources */ = {isa = PBXBuildFile; fileRef = 35CDFCC13FAD32CCA1EE4654 /* RequiredInitialiserClass.swift */; };
		35CDF1B6E9ED849FF385EDDA /* KeywordsMock_expected.swift in Sources */ = {isa = PBXBuildFile; fileRef = 35CDF5A92DCB356BEC11A39C /* KeywordsMock_expected.swift */; };
		35CDF1F1F9702172C57E912A /* OptionalProtocolMock_expected.swift in Sources */ = {isa = PBXBuildFile; fileRef = 147135AF1E5CD2890096B3B4 /* OptionalProtocolMock_expected.swift */; };
		35CDF1F6F89926E3E1CC3E2A /* OpenProtocolMock.swift in Sources */ = {isa = PBXBuildFile; fileRef = 35CDF83530132F8E7855818C /* OpenProtocolMock.swift */; };
		35CDF259D141E7801030D5F7 /* UIKitProtocolMock.swift in Sources */ = {isa = PBXBuildFile; fileRef = 35CDF2DAC123B8E3F902E0E6 /* UIKitProtocolMock.swift */; };
		35CDF25BC27AEDD6D6F4BB00 /* KeywordsTest.swift in Sources */ = {isa = PBXBuildFile; fileRef = 35CDF8BEBDBC4AA4DA74F282 /* KeywordsTest.swift */; };
		35CDF275BF74CEA4352492FE /* OptionalProtocolMock.swift in Sources */ = {isa = PBXBuildFile; fileRef = 35CDFB561287FB76195FCEB4 /* OptionalProtocolMock.swift */; };
		35CDF288C3BCF3C419EFDE49 /* RecursiveProtocol.swift in Sources */ = {isa = PBXBuildFile; fileRef = 35CDF88DC346C3A948F97F63 /* RecursiveProtocol.swift */; };
		35CDF293CC2648C5D45B6101 /* InferredTypeClassMock_expected.swift in Sources */ = {isa = PBXBuildFile; fileRef = 35CDFFCB9677C3BF1EE17218 /* InferredTypeClassMock_expected.swift */; };
		35CDF29FB87127ABF76B7BF2 /* MultipleInitialiserClassMock.swift in Sources */ = {isa = PBXBuildFile; fileRef = 35CDFCBE4E517855B9EDE8F3 /* MultipleInitialiserClassMock.swift */; };
		35CDF2B8C521A05B05681E93 /* SimpleProtocol.swift in Sources */ = {isa = PBXBuildFile; fileRef = 35CDF254AAF848D8C5AFCE2B /* SimpleProtocol.swift */; };
		35CDF2D502E6CCD963F34725 /* UnoverridableClassMock.swift in Sources */ = {isa = PBXBuildFile; fileRef = 35CDF5405AD86FCC525EA6F4 /* UnoverridableClassMock.swift */; };
		35CDF2EA619DA643B7D469DF /* PublicProtocolMock.swift in Sources */ = {isa = PBXBuildFile; fileRef = 35CDF89CC41D50D230E58B7F /* PublicProtocolMock.swift */; };
		35CDF30316434186453330C1 /* RequiredInitialiserClassMock_expected.swift in Sources */ = {isa = PBXBuildFile; fileRef = 35CDF5B9345ADE0CDF1FAC48 /* RequiredInitialiserClassMock_expected.swift */; };
		35CDF33CBCA20120A9288B4E /* DiamondInheritanceProtocolMock.swift in Sources */ = {isa = PBXBuildFile; fileRef = 35CDF17B3D4673A7834E5E6E /* DiamondInheritanceProtocolMock.swift */; };
		35CDF36AFF314EF4B9C3255B /* OpenProtocol.swift in Sources */ = {isa = PBXBuildFile; fileRef = 35CDFB7B3D324EE30BE6BB57 /* OpenProtocol.swift */; };
		35CDF38D1512B12C54D6831D /* MultipleProtocolMock_expected.swift in Sources */ = {isa = PBXBuildFile; fileRef = 35CDF9AFA7EE2AE257005A0D /* MultipleProtocolMock_expected.swift */; };
		35CDF3CCA6619F3D5870E555 /* ClosureProtocol.swift in Sources */ = {isa = PBXBuildFile; fileRef = 35CDFAAB4C4FA1B8510B8FB7 /* ClosureProtocol.swift */; };
		35CDF3E95B14853BE719D3B0 /* OverloadProtocol.swift in Sources */ = {isa = PBXBuildFile; fileRef = 35CDFBA92C09A1ACF62DF333 /* OverloadProtocol.swift */; };
		35CDF3EAF2E0A22488050942 /* FinalClassMock.swift in Sources */ = {isa = PBXBuildFile; fileRef = 35CDF323A6DFB1C0D4CD3170 /* FinalClassMock.swift */; };
		35CDF4126AC43797BF347600 /* MultipleProtocol.swift in Sources */ = {isa = PBXBuildFile; fileRef = 35CDFA3B917E8CA3A82F50F0 /* MultipleProtocol.swift */; };
		35CDF44A8A36722ADF86B9B9 /* DefaultValues.swift in Sources */ = {isa = PBXBuildFile; fileRef = 35CDF64AC60105639FFAE0B6 /* DefaultValues.swift */; };
		35CDF44B80E7858FAD29D923 /* RecursiveProtocolMock.swift in Sources */ = {isa = PBXBuildFile; fileRef = 35CDFFAEDBA2DA14330D9771 /* RecursiveProtocolMock.swift */; };
		35CDF4504D4BD464327EFDBC /* PublicProtocolMock_expected.swift in Sources */ = {isa = PBXBuildFile; fileRef = 35CDFCEF6F60718B731964FE /* PublicProtocolMock_expected.swift */; };
		35CDF474DB02AC1D01DE2C7D /* MultiAssociatedTypeProtocol.swift in Sources */ = {isa = PBXBuildFile; fileRef = 35CDF1124689095D818B5E6C /* MultiAssociatedTypeProtocol.swift */; };
		35CDF47620AFF9DC13824EDD /* DiamondInheritanceProtocolMock_expected.swift in Sources */ = {isa = PBXBuildFile; fileRef = 35CDF6C15A836C3E7D8B9A6A /* DiamondInheritanceProtocolMock_expected.swift */; };
		35CDF49CF7767823EC446B6C /* InitialiserTest.swift in Sources */ = {isa = PBXBuildFile; fileRef = 35CDFDAF3D9BB6513101ED37 /* InitialiserTest.swift */; };
		35CDF4A17279A6D818E66195 /* SimpleProtocolMock_expected.swift in Sources */ = {isa = PBXBuildFile; fileRef = 147135B11E5CD2890096B3B4 /* SimpleProtocolMock_expected.swift */; };
		35CDF4BD6184E57A61CD9076 /* PropertyProtocolMock_expected.swift in Sources */ = {isa = PBXBuildFile; fileRef = 35CDF89B66BA022FCD7EBE19 /* PropertyProtocolMock_expected.swift */; };
		35CDF4C1B950E747D4881186 /* OverloadProtocol.swift in Sources */ = {isa = PBXBuildFile; fileRef = 35CDFBA92C09A1ACF62DF333 /* OverloadProtocol.swift */; };
		35CDF4E97733C34F5200416E /* UnoverridableClass.swift in Sources */ = {isa = PBXBuildFile; fileRef = 35CDFC56EF46344DE1591DB3 /* UnoverridableClass.swift */; };
		35CDF507A7E13E414C7FCBFB /* PropertyClassMock_expected.swift in Sources */ = {isa = PBXBuildFile; fileRef = 35CDFF6F97DE873A5B9F97EB /* PropertyClassMock_expected.swift */; };
		35CDF510CF6D0B5D083C8A6F /* AssociatedTypeProtocol.swift in Sources */ = {isa = PBXBuildFile; fileRef = 35CDF88A3EC2C04D186B24BD /* AssociatedTypeProtocol.swift */; };
		35CDF5732C98F8E988D911D1 /* PropertyProtocol.swift in Sources */ = {isa = PBXBuildFile; fileRef = 35CDFA9FC32F4B055737B39C /* PropertyProtocol.swift */; };
		35CDF5A07B31D37866B11AAE /* DefaultValues.swift in Sources */ = {isa = PBXBuildFile; fileRef = 35CDF64AC60105639FFAE0B6 /* DefaultValues.swift */; };
		35CDF5C1AC02627CAAEDD38D /* MultiAssociatedTypeProtocol.swift in Sources */ = {isa = PBXBuildFile; fileRef = 35CDF1124689095D818B5E6C /* MultiAssociatedTypeProtocol.swift */; };
		35CDF634A3EE37DCE89EA8D7 /* ClosureProtocolMock_expected.swift in Sources */ = {isa = PBXBuildFile; fileRef = 35CDF61B4D511A920C38257F /* ClosureProtocolMock_expected.swift */; };
		35CDF691E5A8C7790E907A3E /* RequiredInitialiserClassMock.swift in Sources */ = {isa = PBXBuildFile; fileRef = 35CDFD454A39E0E2D1AF7AF8 /* RequiredInitialiserClassMock.swift */; };
		35CDF6940253BF86328FE904 /* DeepInheritanceMock_expected.swift in Sources */ = {isa = PBXBuildFile; fileRef = 35CDF4CA1B6CCE7386ECBE3C /* DeepInheritanceMock_expected.swift */; };
		35CDF6AC51642C8DAD1BD506 /* MultipleInitialiserClass.swift in Sources */ = {isa = PBXBuildFile; fileRef = 35CDF00F6FBB466298D24849 /* MultipleInitialiserClass.swift */; };
		35CDF6C5E02EB173615E441D /* OptionalProtocol.swift in Sources */ = {isa = PBXBuildFile; fileRef = 35CDF47EC1150E1485573E85 /* OptionalProtocol.swift */; };
		35CDF6F629A5217C9D857264 /* MultiAssociatedTypeProtocolMock_expected.swift in Sources */ = {isa = PBXBuildFile; fileRef = 35CDF098768A6EE74886BCF9 /* MultiAssociatedTypeProtocolMock_expected.swift */; };
		35CDF704B656F07F631D9A56 /* AssociatedTypeProtocol.swift in Sources */ = {isa = PBXBuildFile; fileRef = 35CDF88A3EC2C04D186B24BD /* AssociatedTypeProtocol.swift */; };
		35CDF70D9F4871E9B32E951B /* SimpleClassMock.swift in Sources */ = {isa = PBXBuildFile; fileRef = 35CDFBA0D3C046C09FF6430F /* SimpleClassMock.swift */; };
		35CDF71D3C304577B4F4BC3A /* RecursiveProtocolMock_expected.swift in Sources */ = {isa = PBXBuildFile; fileRef = 35CDF79DCE1D697B15C0A2D0 /* RecursiveProtocolMock_expected.swift */; };
		35CDF722DBD192686DAB7E31 /* InferredTypeClass.swift in Sources */ = {isa = PBXBuildFile; fileRef = 35CDF4FA6E00B63F6FD634DB /* InferredTypeClass.swift */; };
		35CDF747644B834B3BA1AE65 /* PublicProtocol.swift in Sources */ = {isa = PBXBuildFile; fileRef = 35CDF0377EFACC08112BDA34 /* PublicProtocol.swift */; };
		35CDF7571672DD153BF55DE8 /* DeepInheritanceMock.swift in Sources */ = {isa = PBXBuildFile; fileRef = 35CDF79ECC02283FE3901846 /* DeepInheritanceMock.swift */; };
		35CDF782742A81DC47A28500 /* KeywordsMock.swift in Sources */ = {isa = PBXBuildFile; fileRef = 35CDFCB9437E89EEB376E893 /* KeywordsMock.swift */; };
		35CDF802FE33559473D9FFA2 /* Object.swift in Sources */ = {isa = PBXBuildFile; fileRef = 35CDF6927BF1AE98EFE7A260 /* Object.swift */; };
		35CDF8544633F847388EF70F /* OverloadProtocolMock_expected.swift in Sources */ = {isa = PBXBuildFile; fileRef = 147135B01E5CD2890096B3B4 /* OverloadProtocolMock_expected.swift */; };
		35CDF86775A366C2D7046CE0 /* UIKitProtocolMock_expected.swift in Sources */ = {isa = PBXBuildFile; fileRef = 35CDFE90D92D67F8D6E27508 /* UIKitProtocolMock_expected.swift */; };
		35CDF8F0DB810240CC29F0A9 /* PropertyProtocolMock.swift in Sources */ = {isa = PBXBuildFile; fileRef = 35CDF3A6162EB52FFB75945D /* PropertyProtocolMock.swift */; };
		35CDF93E02B13E84E7D6B4FC /* AssociatedTypeProtocolMock_expected.swift in Sources */ = {isa = PBXBuildFile; fileRef = 35CDF6DD96F1F58D8B8E190D /* AssociatedTypeProtocolMock_expected.swift */; };
		35CDF9D908208FEEB975FC1F /* OptionalProtocol.swift in Sources */ = {isa = PBXBuildFile; fileRef = 35CDF47EC1150E1485573E85 /* OptionalProtocol.swift */; };
		35CDFA6B6668946401D62263 /* ArgumentInitialiserClassMock_expected.swift in Sources */ = {isa = PBXBuildFile; fileRef = 35CDF1F4BF937488F0F077EE /* ArgumentInitialiserClassMock_expected.swift */; };
		35CDFAAE5571E52DD72EC9E9 /* PropertyProtocol.swift in Sources */ = {isa = PBXBuildFile; fileRef = 35CDFA9FC32F4B055737B39C /* PropertyProtocol.swift */; };
		35CDFB058A5302462449C441 /* PublicProtocol.swift in Sources */ = {isa = PBXBuildFile; fileRef = 35CDF0377EFACC08112BDA34 /* PublicProtocol.swift */; };
		35CDFB09F162754C114B534F /* DiamondInheritanceProtocol.swift in Sources */ = {isa = PBXBuildFile; fileRef = 35CDFDA10E7026B0BFB876BF /* DiamondInheritanceProtocol.swift */; };
		35CDFB49EA67E96CD5B2ACF5 /* DefaultValuesMock_expected.swift in Sources */ = {isa = PBXBuildFile; fileRef = 35CDFFB49325BC9AA44B5605 /* DefaultValuesMock_expected.swift */; };
		35CDFC15830B78365CB3FB49 /* MultipleProtocol.swift in Sources */ = {isa = PBXBuildFile; fileRef = 35CDFA3B917E8CA3A82F50F0 /* MultipleProtocol.swift */; };
		35CDFC4F6AE68D6BB44DA75F /* MultiAssociatedTypeProtocolMock.swift in Sources */ = {isa = PBXBuildFile; fileRef = 35CDF5F49243D83E63D67121 /* MultiAssociatedTypeProtocolMock.swift */; };
		35CDFCA8FCF31CE5142F0189 /* ArgumentInitialiserClassMock.swift in Sources */ = {isa = PBXBuildFile; fileRef = 35CDFF0F206012395A847DFE /* ArgumentInitialiserClassMock.swift */; };
		35CDFCBD41B66F755753FC70 /* SimpleProtocol.swift in Sources */ = {isa = PBXBuildFile; fileRef = 35CDF254AAF848D8C5AFCE2B /* SimpleProtocol.swift */; };
		35CDFCD0BFD5FB332263EA41 /* Object.swift in Sources */ = {isa = PBXBuildFile; fileRef = 35CDF6927BF1AE98EFE7A260 /* Object.swift */; };
		35CDFCEA55877C5103C69A62 /* Main.storyboard in Resources */ = {isa = PBXBuildFile; fileRef = 35CDF5E9615CB94E27438335 /* Main.storyboard */; };
		35CDFD1764A8710ABA37A5DC /* AppDelegate.swift in Sources */ = {isa = PBXBuildFile; fileRef = 35CDF8633919419079FF167D /* AppDelegate.swift */; };
		35CDFD1AFE6439711B6BA8DC /* PropertyClass.swift in Sources */ = {isa = PBXBuildFile; fileRef = 35CDF55A43F68EFD73102AC6 /* PropertyClass.swift */; };
		35CDFD1B42F5416490FC551B /* MultipleInitialiserClassMock_expected.swift in Sources */ = {isa = PBXBuildFile; fileRef = 35CDF71AA7F8B8FB09C70D6E /* MultipleInitialiserClassMock_expected.swift */; };
		35CDFD2A7244E339A06636F1 /* DiamondInheritanceProtocol.swift in Sources */ = {isa = PBXBuildFile; fileRef = 35CDFDA10E7026B0BFB876BF /* DiamondInheritanceProtocol.swift */; };
		35CDFD4D0ABFFEEFF561FEC9 /* UnoverridableClassMock_expected.swift in Sources */ = {isa = PBXBuildFile; fileRef = 35CDFC07C7A0D286CB027F3C /* UnoverridableClassMock_expected.swift */; };
		35CDFD81805CB10CED71062D /* UnitTests.swift in Sources */ = {isa = PBXBuildFile; fileRef = 35CDFED98E9657D6E738D0EA /* UnitTests.swift */; };
		35CDFD9DE93A350EF6A67596 /* OpenProtocol.swift in Sources */ = {isa = PBXBuildFile; fileRef = 35CDFB7B3D324EE30BE6BB57 /* OpenProtocol.swift */; };
		35CDFDB2B47EDAF0A940E0D2 /* ClosureProtocolMock.swift in Sources */ = {isa = PBXBuildFile; fileRef = 35CDF799FE481CD57EC5739B /* ClosureProtocolMock.swift */; };
		35CDFDFA97286841B846AD50 /* RecursiveProtocol.swift in Sources */ = {isa = PBXBuildFile; fileRef = 35CDF88DC346C3A948F97F63 /* RecursiveProtocol.swift */; };
		35CDFE3A2F9472869394877A /* ViewController.swift in Sources */ = {isa = PBXBuildFile; fileRef = 35CDF6E57C71B381F0BF5E57 /* ViewController.swift */; };
		35CDFE4A66AF76301F1BEEB3 /* ArgumentInitialiserClass.swift in Sources */ = {isa = PBXBuildFile; fileRef = 35CDF26765D503320C391B0D /* ArgumentInitialiserClass.swift */; };
		35CDFE87464D893440BFA464 /* DefaultTypesTest.swift in Sources */ = {isa = PBXBuildFile; fileRef = 35CDF2BC05C58805421ADBA3 /* DefaultTypesTest.swift */; };
		35CDFE8A3E6B6CEC71B71ED9 /* SimpleClassMock_expected.swift in Sources */ = {isa = PBXBuildFile; fileRef = 35CDF26286EE21491157A611 /* SimpleClassMock_expected.swift */; };
		35CDFEAA773BA228071D9B52 /* OverloadProtocolMock.swift in Sources */ = {isa = PBXBuildFile; fileRef = 35CDFD54367F116349E3F5B8 /* OverloadProtocolMock.swift */; };
		35CDFEC64BDE844E131B979D /* Assets.xcassets in Resources */ = {isa = PBXBuildFile; fileRef = 35CDF3913F0CE5933271C8B8 /* Assets.xcassets */; };
		35CDFED7D847A95AA17FBD6E /* SimpleProtocolMock.swift in Sources */ = {isa = PBXBuildFile; fileRef = 35CDFEA3978101709224D4C8 /* SimpleProtocolMock.swift */; };
		35CDFF7DB2A0A52171850196 /* MultipleProtocolMock.swift in Sources */ = {isa = PBXBuildFile; fileRef = 35CDFFF63923356379BC9353 /* MultipleProtocolMock.swift */; };
		35CDFF9FFD48601D11A0DB80 /* AssociatedTypeProtocolMock.swift in Sources */ = {isa = PBXBuildFile; fileRef = 35CDF57E13799B45BA1F659E /* AssociatedTypeProtocolMock.swift */; };
		35CDFFD120C06D5DE7ED7598 /* DeepInheritance.swift in Sources */ = {isa = PBXBuildFile; fileRef = 35CDF7F954D7C31568CA4A75 /* DeepInheritance.swift */; };
/* End PBXBuildFile section */

/* Begin PBXContainerItemProxy section */
		142E998C1F15812000B9D7ED /* PBXContainerItemProxy */ = {
			isa = PBXContainerItemProxy;
			containerPortal = 35CDFEA9990DB547619D629E /* Project object */;
			proxyType = 1;
			remoteGlobalIDString = 35CDF7D2D5EC61E1253C8D02;
			remoteInfo = ProductionCode;
		};
		14A4552E1F36637F008E82EE /* PBXContainerItemProxy */ = {
			isa = PBXContainerItemProxy;
			containerPortal = 35CDFEA9990DB547619D629E /* Project object */;
			proxyType = 1;
			remoteGlobalIDString = 35CDF7D2D5EC61E1253C8D02;
			remoteInfo = MockableTypes;
		};
/* End PBXContainerItemProxy section */

/* Begin PBXFileReference section */
		142E99871F15811F00B9D7ED /* TestCode.xctest */ = {isa = PBXFileReference; explicitFileType = wrapper.cfbundle; includeInIndex = 0; path = TestCode.xctest; sourceTree = BUILT_PRODUCTS_DIR; };
		142E998B1F15812000B9D7ED /* Info.plist */ = {isa = PBXFileReference; lastKnownFileType = text.plist.info; path = Info.plist; sourceTree = "<group>"; };
		147135AF1E5CD2890096B3B4 /* OptionalProtocolMock_expected.swift */ = {isa = PBXFileReference; fileEncoding = 4; lastKnownFileType = sourcecode.swift; path = OptionalProtocolMock_expected.swift; sourceTree = "<group>"; };
		147135B01E5CD2890096B3B4 /* OverloadProtocolMock_expected.swift */ = {isa = PBXFileReference; fileEncoding = 4; lastKnownFileType = sourcecode.swift; path = OverloadProtocolMock_expected.swift; sourceTree = "<group>"; };
		147135B11E5CD2890096B3B4 /* SimpleProtocolMock_expected.swift */ = {isa = PBXFileReference; fileEncoding = 4; lastKnownFileType = sourcecode.swift; path = SimpleProtocolMock_expected.swift; sourceTree = "<group>"; };
		14A4551B1F365EDC008E82EE /* ProductionCode.app */ = {isa = PBXFileReference; explicitFileType = wrapper.application; includeInIndex = 0; path = ProductionCode.app; sourceTree = BUILT_PRODUCTS_DIR; };
		14A4551D1F365EDC008E82EE /* AppDelegate.swift */ = {isa = PBXFileReference; lastKnownFileType = sourcecode.swift; path = AppDelegate.swift; sourceTree = "<group>"; };
		14A4551F1F365EDC008E82EE /* ViewController.swift */ = {isa = PBXFileReference; lastKnownFileType = sourcecode.swift; path = ViewController.swift; sourceTree = "<group>"; };
		14A455221F365EDC008E82EE /* Base */ = {isa = PBXFileReference; lastKnownFileType = file.storyboard; name = Base; path = Base.lproj/Main.storyboard; sourceTree = "<group>"; };
		14A455241F365EDC008E82EE /* Assets.xcassets */ = {isa = PBXFileReference; lastKnownFileType = folder.assetcatalog; path = Assets.xcassets; sourceTree = "<group>"; };
		14A455271F365EDC008E82EE /* Base */ = {isa = PBXFileReference; lastKnownFileType = file.storyboard; name = Base; path = Base.lproj/LaunchScreen.storyboard; sourceTree = "<group>"; };
		14A455291F365EDC008E82EE /* Info.plist */ = {isa = PBXFileReference; lastKnownFileType = text.plist.xml; path = Info.plist; sourceTree = "<group>"; };
		35CDF005D869C31B4C4CDBDC /* Base */ = {isa = PBXFileReference; lastKnownFileType = file.storyboard; name = Base; path = Base.lproj/LaunchScreen.storyboard; sourceTree = "<group>"; };
		35CDF00F6FBB466298D24849 /* MultipleInitialiserClass.swift */ = {isa = PBXFileReference; fileEncoding = 4; lastKnownFileType = sourcecode.swift; path = MultipleInitialiserClass.swift; sourceTree = "<group>"; };
		35CDF0314EA01EEB30DCB32F /* FinalClass.swift */ = {isa = PBXFileReference; fileEncoding = 4; lastKnownFileType = sourcecode.swift; path = FinalClass.swift; sourceTree = "<group>"; };
		35CDF0377EFACC08112BDA34 /* PublicProtocol.swift */ = {isa = PBXFileReference; fileEncoding = 4; lastKnownFileType = sourcecode.swift; path = PublicProtocol.swift; sourceTree = "<group>"; };
		35CDF098768A6EE74886BCF9 /* MultiAssociatedTypeProtocolMock_expected.swift */ = {isa = PBXFileReference; fileEncoding = 4; lastKnownFileType = sourcecode.swift; path = MultiAssociatedTypeProtocolMock_expected.swift; sourceTree = "<group>"; };
		35CDF0E1646F2F648FD680CB /* UnitTests.xctest */ = {isa = PBXFileReference; explicitFileType = wrapper.cfbundle; includeInIndex = 0; path = UnitTests.xctest; sourceTree = BUILT_PRODUCTS_DIR; };
		35CDF1124689095D818B5E6C /* MultiAssociatedTypeProtocol.swift */ = {isa = PBXFileReference; fileEncoding = 4; lastKnownFileType = sourcecode.swift; path = MultiAssociatedTypeProtocol.swift; sourceTree = "<group>"; };
		35CDF17B3D4673A7834E5E6E /* DiamondInheritanceProtocolMock.swift */ = {isa = PBXFileReference; fileEncoding = 4; lastKnownFileType = sourcecode.swift; path = DiamondInheritanceProtocolMock.swift; sourceTree = "<group>"; };
		35CDF1C8EAA0DC332B941BD1 /* Base */ = {isa = PBXFileReference; lastKnownFileType = file.storyboard; name = Base; path = Base.lproj/Main.storyboard; sourceTree = "<group>"; };
		35CDF1F4BF937488F0F077EE /* ArgumentInitialiserClassMock_expected.swift */ = {isa = PBXFileReference; fileEncoding = 4; lastKnownFileType = sourcecode.swift; path = ArgumentInitialiserClassMock_expected.swift; sourceTree = "<group>"; };
		35CDF1FE4E91F537E2F1FD12 /* Keywords.swift */ = {isa = PBXFileReference; fileEncoding = 4; lastKnownFileType = sourcecode.swift; path = Keywords.swift; sourceTree = "<group>"; };
		35CDF254AAF848D8C5AFCE2B /* SimpleProtocol.swift */ = {isa = PBXFileReference; fileEncoding = 4; lastKnownFileType = sourcecode.swift; path = SimpleProtocol.swift; sourceTree = "<group>"; };
		35CDF26286EE21491157A611 /* SimpleClassMock_expected.swift */ = {isa = PBXFileReference; fileEncoding = 4; lastKnownFileType = sourcecode.swift; path = SimpleClassMock_expected.swift; sourceTree = "<group>"; };
		35CDF26765D503320C391B0D /* ArgumentInitialiserClass.swift */ = {isa = PBXFileReference; fileEncoding = 4; lastKnownFileType = sourcecode.swift; path = ArgumentInitialiserClass.swift; sourceTree = "<group>"; };
		35CDF2BC05C58805421ADBA3 /* DefaultTypesTest.swift */ = {isa = PBXFileReference; fileEncoding = 4; lastKnownFileType = sourcecode.swift; path = DefaultTypesTest.swift; sourceTree = "<group>"; };
		35CDF2DAC123B8E3F902E0E6 /* UIKitProtocolMock.swift */ = {isa = PBXFileReference; fileEncoding = 4; lastKnownFileType = sourcecode.swift; path = UIKitProtocolMock.swift; sourceTree = "<group>"; };
		35CDF323A6DFB1C0D4CD3170 /* FinalClassMock.swift */ = {isa = PBXFileReference; fileEncoding = 4; lastKnownFileType = sourcecode.swift; path = FinalClassMock.swift; sourceTree = "<group>"; };
		35CDF3913F0CE5933271C8B8 /* Assets.xcassets */ = {isa = PBXFileReference; lastKnownFileType = folder.assetcatalog; name = Assets.xcassets; path = Resources/Assets.xcassets; sourceTree = "<group>"; };
		35CDF3A6162EB52FFB75945D /* PropertyProtocolMock.swift */ = {isa = PBXFileReference; fileEncoding = 4; lastKnownFileType = sourcecode.swift; path = PropertyProtocolMock.swift; sourceTree = "<group>"; };
		35CDF3F08603C2AB53FFF1BA /* InferredTypeClassMock.swift */ = {isa = PBXFileReference; fileEncoding = 4; lastKnownFileType = sourcecode.swift; path = InferredTypeClassMock.swift; sourceTree = "<group>"; };
		35CDF47EC1150E1485573E85 /* OptionalProtocol.swift */ = {isa = PBXFileReference; fileEncoding = 4; lastKnownFileType = sourcecode.swift; path = OptionalProtocol.swift; sourceTree = "<group>"; };
		35CDF4CA1B6CCE7386ECBE3C /* DeepInheritanceMock_expected.swift */ = {isa = PBXFileReference; fileEncoding = 4; lastKnownFileType = sourcecode.swift; path = DeepInheritanceMock_expected.swift; sourceTree = "<group>"; };
		35CDF4FA6E00B63F6FD634DB /* InferredTypeClass.swift */ = {isa = PBXFileReference; fileEncoding = 4; lastKnownFileType = sourcecode.swift; path = InferredTypeClass.swift; sourceTree = "<group>"; };
		35CDF531AE6C643F9069DEB3 /* DefaultValuesMock.swift */ = {isa = PBXFileReference; fileEncoding = 4; lastKnownFileType = sourcecode.swift; path = DefaultValuesMock.swift; sourceTree = "<group>"; };
		35CDF5405AD86FCC525EA6F4 /* UnoverridableClassMock.swift */ = {isa = PBXFileReference; fileEncoding = 4; lastKnownFileType = sourcecode.swift; path = UnoverridableClassMock.swift; sourceTree = "<group>"; };
		35CDF55A43F68EFD73102AC6 /* PropertyClass.swift */ = {isa = PBXFileReference; fileEncoding = 4; lastKnownFileType = sourcecode.swift; path = PropertyClass.swift; sourceTree = "<group>"; };
		35CDF57E13799B45BA1F659E /* AssociatedTypeProtocolMock.swift */ = {isa = PBXFileReference; fileEncoding = 4; lastKnownFileType = sourcecode.swift; path = AssociatedTypeProtocolMock.swift; sourceTree = "<group>"; };
		35CDF5A92DCB356BEC11A39C /* KeywordsMock_expected.swift */ = {isa = PBXFileReference; fileEncoding = 4; lastKnownFileType = sourcecode.swift; path = KeywordsMock_expected.swift; sourceTree = "<group>"; };
		35CDF5B9345ADE0CDF1FAC48 /* RequiredInitialiserClassMock_expected.swift */ = {isa = PBXFileReference; fileEncoding = 4; lastKnownFileType = sourcecode.swift; path = RequiredInitialiserClassMock_expected.swift; sourceTree = "<group>"; };
		35CDF5F49243D83E63D67121 /* MultiAssociatedTypeProtocolMock.swift */ = {isa = PBXFileReference; fileEncoding = 4; lastKnownFileType = sourcecode.swift; path = MultiAssociatedTypeProtocolMock.swift; sourceTree = "<group>"; };
		35CDF61B4D511A920C38257F /* ClosureProtocolMock_expected.swift */ = {isa = PBXFileReference; fileEncoding = 4; lastKnownFileType = sourcecode.swift; path = ClosureProtocolMock_expected.swift; sourceTree = "<group>"; };
		35CDF64AC60105639FFAE0B6 /* DefaultValues.swift */ = {isa = PBXFileReference; fileEncoding = 4; lastKnownFileType = sourcecode.swift; path = DefaultValues.swift; sourceTree = "<group>"; };
		35CDF6927BF1AE98EFE7A260 /* Object.swift */ = {isa = PBXFileReference; fileEncoding = 4; lastKnownFileType = sourcecode.swift; path = Object.swift; sourceTree = "<group>"; };
		35CDF6C15A836C3E7D8B9A6A /* DiamondInheritanceProtocolMock_expected.swift */ = {isa = PBXFileReference; fileEncoding = 4; lastKnownFileType = sourcecode.swift; path = DiamondInheritanceProtocolMock_expected.swift; sourceTree = "<group>"; };
		35CDF6DD96F1F58D8B8E190D /* AssociatedTypeProtocolMock_expected.swift */ = {isa = PBXFileReference; fileEncoding = 4; lastKnownFileType = sourcecode.swift; path = AssociatedTypeProtocolMock_expected.swift; sourceTree = "<group>"; };
		35CDF6E57C71B381F0BF5E57 /* ViewController.swift */ = {isa = PBXFileReference; lastKnownFileType = sourcecode.swift; name = ViewController.swift; path = ../ViewController.swift; sourceTree = "<group>"; };
		35CDF71AA7F8B8FB09C70D6E /* MultipleInitialiserClassMock_expected.swift */ = {isa = PBXFileReference; fileEncoding = 4; lastKnownFileType = sourcecode.swift; path = MultipleInitialiserClassMock_expected.swift; sourceTree = "<group>"; };
		35CDF799FE481CD57EC5739B /* ClosureProtocolMock.swift */ = {isa = PBXFileReference; fileEncoding = 4; lastKnownFileType = sourcecode.swift; path = ClosureProtocolMock.swift; sourceTree = "<group>"; };
		35CDF79DCE1D697B15C0A2D0 /* RecursiveProtocolMock_expected.swift */ = {isa = PBXFileReference; fileEncoding = 4; lastKnownFileType = sourcecode.swift; path = RecursiveProtocolMock_expected.swift; sourceTree = "<group>"; };
		35CDF79ECC02283FE3901846 /* DeepInheritanceMock.swift */ = {isa = PBXFileReference; fileEncoding = 4; lastKnownFileType = sourcecode.swift; path = DeepInheritanceMock.swift; sourceTree = "<group>"; };
		35CDF7E4282125FB61B4290B /* MockableTypes.app */ = {isa = PBXFileReference; explicitFileType = wrapper.application; includeInIndex = 0; path = MockableTypes.app; sourceTree = BUILT_PRODUCTS_DIR; };
		35CDF7F954D7C31568CA4A75 /* DeepInheritance.swift */ = {isa = PBXFileReference; fileEncoding = 4; lastKnownFileType = sourcecode.swift; path = DeepInheritance.swift; sourceTree = "<group>"; };
		35CDF83530132F8E7855818C /* OpenProtocolMock.swift */ = {isa = PBXFileReference; fileEncoding = 4; lastKnownFileType = sourcecode.swift; path = OpenProtocolMock.swift; sourceTree = "<group>"; };
		35CDF8633919419079FF167D /* AppDelegate.swift */ = {isa = PBXFileReference; fileEncoding = 4; lastKnownFileType = sourcecode.swift; path = AppDelegate.swift; sourceTree = "<group>"; };
		35CDF88A3EC2C04D186B24BD /* AssociatedTypeProtocol.swift */ = {isa = PBXFileReference; fileEncoding = 4; lastKnownFileType = sourcecode.swift; path = AssociatedTypeProtocol.swift; sourceTree = "<group>"; };
		35CDF88DC346C3A948F97F63 /* RecursiveProtocol.swift */ = {isa = PBXFileReference; fileEncoding = 4; lastKnownFileType = sourcecode.swift; path = RecursiveProtocol.swift; sourceTree = "<group>"; };
		35CDF89B66BA022FCD7EBE19 /* PropertyProtocolMock_expected.swift */ = {isa = PBXFileReference; fileEncoding = 4; lastKnownFileType = sourcecode.swift; path = PropertyProtocolMock_expected.swift; sourceTree = "<group>"; };
		35CDF89CC41D50D230E58B7F /* PublicProtocolMock.swift */ = {isa = PBXFileReference; fileEncoding = 4; lastKnownFileType = sourcecode.swift; path = PublicProtocolMock.swift; sourceTree = "<group>"; };
		35CDF8A84FE24DC4DAAB9925 /* Info.plist */ = {isa = PBXFileReference; lastKnownFileType = text.plist.info; path = Info.plist; sourceTree = "<group>"; };
		35CDF8BEBDBC4AA4DA74F282 /* KeywordsTest.swift */ = {isa = PBXFileReference; fileEncoding = 4; lastKnownFileType = sourcecode.swift; path = KeywordsTest.swift; sourceTree = "<group>"; };
		35CDF9AFA7EE2AE257005A0D /* MultipleProtocolMock_expected.swift */ = {isa = PBXFileReference; fileEncoding = 4; lastKnownFileType = sourcecode.swift; path = MultipleProtocolMock_expected.swift; sourceTree = "<group>"; };
		35CDFA3B917E8CA3A82F50F0 /* MultipleProtocol.swift */ = {isa = PBXFileReference; fileEncoding = 4; lastKnownFileType = sourcecode.swift; path = MultipleProtocol.swift; sourceTree = "<group>"; };
		35CDFA9FC32F4B055737B39C /* PropertyProtocol.swift */ = {isa = PBXFileReference; fileEncoding = 4; lastKnownFileType = sourcecode.swift; path = PropertyProtocol.swift; sourceTree = "<group>"; };
		35CDFAAB4C4FA1B8510B8FB7 /* ClosureProtocol.swift */ = {isa = PBXFileReference; fileEncoding = 4; lastKnownFileType = sourcecode.swift; path = ClosureProtocol.swift; sourceTree = "<group>"; };
		35CDFB561287FB76195FCEB4 /* OptionalProtocolMock.swift */ = {isa = PBXFileReference; fileEncoding = 4; lastKnownFileType = sourcecode.swift; path = OptionalProtocolMock.swift; sourceTree = "<group>"; };
		35CDFB629531500C3AF481FF /* Info.plist */ = {isa = PBXFileReference; lastKnownFileType = text.plist.xml; name = Info.plist; path = Resources/Info.plist; sourceTree = "<group>"; };
		35CDFB7B3D324EE30BE6BB57 /* OpenProtocol.swift */ = {isa = PBXFileReference; fileEncoding = 4; lastKnownFileType = sourcecode.swift; path = OpenProtocol.swift; sourceTree = "<group>"; };
		35CDFBA0D3C046C09FF6430F /* SimpleClassMock.swift */ = {isa = PBXFileReference; fileEncoding = 4; lastKnownFileType = sourcecode.swift; path = SimpleClassMock.swift; sourceTree = "<group>"; };
		35CDFBA92C09A1ACF62DF333 /* OverloadProtocol.swift */ = {isa = PBXFileReference; fileEncoding = 4; lastKnownFileType = sourcecode.swift; path = OverloadProtocol.swift; sourceTree = "<group>"; };
		35CDFC07C7A0D286CB027F3C /* UnoverridableClassMock_expected.swift */ = {isa = PBXFileReference; fileEncoding = 4; lastKnownFileType = sourcecode.swift; path = UnoverridableClassMock_expected.swift; sourceTree = "<group>"; };
		35CDFC56EF46344DE1591DB3 /* UnoverridableClass.swift */ = {isa = PBXFileReference; fileEncoding = 4; lastKnownFileType = sourcecode.swift; path = UnoverridableClass.swift; sourceTree = "<group>"; };
		35CDFCB9437E89EEB376E893 /* KeywordsMock.swift */ = {isa = PBXFileReference; fileEncoding = 4; lastKnownFileType = sourcecode.swift; path = KeywordsMock.swift; sourceTree = "<group>"; };
		35CDFCBE4E517855B9EDE8F3 /* MultipleInitialiserClassMock.swift */ = {isa = PBXFileReference; fileEncoding = 4; lastKnownFileType = sourcecode.swift; path = MultipleInitialiserClassMock.swift; sourceTree = "<group>"; };
		35CDFCC13FAD32CCA1EE4654 /* RequiredInitialiserClass.swift */ = {isa = PBXFileReference; fileEncoding = 4; lastKnownFileType = sourcecode.swift; path = RequiredInitialiserClass.swift; sourceTree = "<group>"; };
		35CDFCEF6F60718B731964FE /* PublicProtocolMock_expected.swift */ = {isa = PBXFileReference; fileEncoding = 4; lastKnownFileType = sourcecode.swift; path = PublicProtocolMock_expected.swift; sourceTree = "<group>"; };
		35CDFD454A39E0E2D1AF7AF8 /* RequiredInitialiserClassMock.swift */ = {isa = PBXFileReference; fileEncoding = 4; lastKnownFileType = sourcecode.swift; path = RequiredInitialiserClassMock.swift; sourceTree = "<group>"; };
		35CDFD54367F116349E3F5B8 /* OverloadProtocolMock.swift */ = {isa = PBXFileReference; fileEncoding = 4; lastKnownFileType = sourcecode.swift; path = OverloadProtocolMock.swift; sourceTree = "<group>"; };
		35CDFD6D580985A878E32041 /* FinalClassMock_expected.swift */ = {isa = PBXFileReference; fileEncoding = 4; lastKnownFileType = sourcecode.swift; path = FinalClassMock_expected.swift; sourceTree = "<group>"; };
		35CDFDA10E7026B0BFB876BF /* DiamondInheritanceProtocol.swift */ = {isa = PBXFileReference; fileEncoding = 4; lastKnownFileType = sourcecode.swift; path = DiamondInheritanceProtocol.swift; sourceTree = "<group>"; };
		35CDFDAF3D9BB6513101ED37 /* InitialiserTest.swift */ = {isa = PBXFileReference; fileEncoding = 4; lastKnownFileType = sourcecode.swift; path = InitialiserTest.swift; sourceTree = "<group>"; };
		35CDFE5E0B5A26FCFEF40BEA /* SimpleClass.swift */ = {isa = PBXFileReference; fileEncoding = 4; lastKnownFileType = sourcecode.swift; path = SimpleClass.swift; sourceTree = "<group>"; };
		35CDFE90D92D67F8D6E27508 /* UIKitProtocolMock_expected.swift */ = {isa = PBXFileReference; fileEncoding = 4; lastKnownFileType = sourcecode.swift; path = UIKitProtocolMock_expected.swift; sourceTree = "<group>"; };
		35CDFEA3978101709224D4C8 /* SimpleProtocolMock.swift */ = {isa = PBXFileReference; fileEncoding = 4; lastKnownFileType = sourcecode.swift; path = SimpleProtocolMock.swift; sourceTree = "<group>"; };
		35CDFED98E9657D6E738D0EA /* UnitTests.swift */ = {isa = PBXFileReference; lastKnownFileType = sourcecode.swift; path = UnitTests.swift; sourceTree = "<group>"; };
		35CDFEDDECA15AFAFF06D0D9 /* OpenProtocolMock_expected.swift */ = {isa = PBXFileReference; fileEncoding = 4; lastKnownFileType = sourcecode.swift; path = OpenProtocolMock_expected.swift; sourceTree = "<group>"; };
		35CDFF0F206012395A847DFE /* ArgumentInitialiserClassMock.swift */ = {isa = PBXFileReference; fileEncoding = 4; lastKnownFileType = sourcecode.swift; path = ArgumentInitialiserClassMock.swift; sourceTree = "<group>"; };
		35CDFF6F97DE873A5B9F97EB /* PropertyClassMock_expected.swift */ = {isa = PBXFileReference; fileEncoding = 4; lastKnownFileType = sourcecode.swift; path = PropertyClassMock_expected.swift; sourceTree = "<group>"; };
		35CDFF920396514504E51E3E /* PropertyClassMock.swift */ = {isa = PBXFileReference; fileEncoding = 4; lastKnownFileType = sourcecode.swift; path = PropertyClassMock.swift; sourceTree = "<group>"; };
		35CDFFAEDBA2DA14330D9771 /* RecursiveProtocolMock.swift */ = {isa = PBXFileReference; fileEncoding = 4; lastKnownFileType = sourcecode.swift; path = RecursiveProtocolMock.swift; sourceTree = "<group>"; };
		35CDFFB32842F28746145AC6 /* NotAvailableInProductionCodeTarget.swift */ = {isa = PBXFileReference; fileEncoding = 4; lastKnownFileType = sourcecode.swift; path = NotAvailableInProductionCodeTarget.swift; sourceTree = "<group>"; };
		35CDFFB49325BC9AA44B5605 /* DefaultValuesMock_expected.swift */ = {isa = PBXFileReference; fileEncoding = 4; lastKnownFileType = sourcecode.swift; path = DefaultValuesMock_expected.swift; sourceTree = "<group>"; };
		35CDFFCB9677C3BF1EE17218 /* InferredTypeClassMock_expected.swift */ = {isa = PBXFileReference; fileEncoding = 4; lastKnownFileType = sourcecode.swift; path = InferredTypeClassMock_expected.swift; sourceTree = "<group>"; };
		35CDFFF63923356379BC9353 /* MultipleProtocolMock.swift */ = {isa = PBXFileReference; fileEncoding = 4; lastKnownFileType = sourcecode.swift; path = MultipleProtocolMock.swift; sourceTree = "<group>"; };
/* End PBXFileReference section */

/* Begin PBXFrameworksBuildPhase section */
		142E99841F15811F00B9D7ED /* Frameworks */ = {
			isa = PBXFrameworksBuildPhase;
			buildActionMask = 2147483647;
			files = (
			);
			runOnlyForDeploymentPostprocessing = 0;
		};
		14A455181F365EDC008E82EE /* Frameworks */ = {
			isa = PBXFrameworksBuildPhase;
			buildActionMask = 2147483647;
			files = (
			);
			runOnlyForDeploymentPostprocessing = 0;
		};
		35CDFF24B86C051A2539BFE6 /* Frameworks */ = {
			isa = PBXFrameworksBuildPhase;
			buildActionMask = 2147483647;
			files = (
			);
			runOnlyForDeploymentPostprocessing = 0;
		};
		35CDFF8769B2183620B7F0AE /* Frameworks */ = {
			isa = PBXFrameworksBuildPhase;
			buildActionMask = 2147483647;
			files = (
			);
			runOnlyForDeploymentPostprocessing = 0;
		};
/* End PBXFrameworksBuildPhase section */

/* Begin PBXGroup section */
		142E99881F15812000B9D7ED /* TestCode */ = {
			isa = PBXGroup;
			children = (
				142E998B1F15812000B9D7ED /* Info.plist */,
			);
			path = TestCode;
			sourceTree = "<group>";
		};
		147135A61E5CB2CE0096B3B4 /* Resources */ = {
			isa = PBXGroup;
			children = (
				35CDF434C8CF2AC28EBA0449 /* LaunchScreen.storyboard */,
				35CDF5E9615CB94E27438335 /* Main.storyboard */,
				35CDFB629531500C3AF481FF /* Info.plist */,
				35CDF3913F0CE5933271C8B8 /* Assets.xcassets */,
			);
			name = Resources;
			sourceTree = "<group>";
		};
		14A4551C1F365EDC008E82EE /* ProductionCode */ = {
			isa = PBXGroup;
			children = (
				14A4551D1F365EDC008E82EE /* AppDelegate.swift */,
				14A4551F1F365EDC008E82EE /* ViewController.swift */,
				14A455211F365EDC008E82EE /* Main.storyboard */,
				14A455241F365EDC008E82EE /* Assets.xcassets */,
				14A455261F365EDC008E82EE /* LaunchScreen.storyboard */,
				14A455291F365EDC008E82EE /* Info.plist */,
			);
			path = ProductionCode;
			sourceTree = "<group>";
		};
		35CDF06CB3213CCC22CA7148 /* Products */ = {
			isa = PBXGroup;
			children = (
				35CDF7E4282125FB61B4290B /* MockableTypes.app */,
				35CDF0E1646F2F648FD680CB /* UnitTests.xctest */,
				142E99871F15811F00B9D7ED /* TestCode.xctest */,
				14A4551B1F365EDC008E82EE /* ProductionCode.app */,
			);
			name = Products;
			sourceTree = "<group>";
		};
		35CDF0FE758B1E0DEE7CB80C /* MockableTypes */ = {
			isa = PBXGroup;
			children = (
				35CDF6E57C71B381F0BF5E57 /* ViewController.swift */,
				35CDF8633919419079FF167D /* AppDelegate.swift */,
			);
			path = MockableTypes;
			sourceTree = "<group>";
		};
		35CDFBF1DFE39890B6E393A0 = {
			isa = PBXGroup;
			children = (
				35CDF88A3EC2C04D186B24BD /* AssociatedTypeProtocol.swift */,
				35CDF6DD96F1F58D8B8E190D /* AssociatedTypeProtocolMock_expected.swift */,
				35CDF57E13799B45BA1F659E /* AssociatedTypeProtocolMock.swift */,
				35CDFAAB4C4FA1B8510B8FB7 /* ClosureProtocol.swift */,
				35CDF61B4D511A920C38257F /* ClosureProtocolMock_expected.swift */,
				35CDF799FE481CD57EC5739B /* ClosureProtocolMock.swift */,
				35CDF7F954D7C31568CA4A75 /* DeepInheritance.swift */,
				35CDF4CA1B6CCE7386ECBE3C /* DeepInheritanceMock_expected.swift */,
				35CDF79ECC02283FE3901846 /* DeepInheritanceMock.swift */,
				35CDF64AC60105639FFAE0B6 /* DefaultValues.swift */,
				35CDFFB49325BC9AA44B5605 /* DefaultValuesMock_expected.swift */,
				35CDF531AE6C643F9069DEB3 /* DefaultValuesMock.swift */,
				35CDFDA10E7026B0BFB876BF /* DiamondInheritanceProtocol.swift */,
				35CDF6C15A836C3E7D8B9A6A /* DiamondInheritanceProtocolMock_expected.swift */,
				35CDF17B3D4673A7834E5E6E /* DiamondInheritanceProtocolMock.swift */,
				35CDF1FE4E91F537E2F1FD12 /* Keywords.swift */,
				35CDF5A92DCB356BEC11A39C /* KeywordsMock_expected.swift */,
				35CDFCB9437E89EEB376E893 /* KeywordsMock.swift */,
				35CDF1124689095D818B5E6C /* MultiAssociatedTypeProtocol.swift */,
				35CDF098768A6EE74886BCF9 /* MultiAssociatedTypeProtocolMock_expected.swift */,
				35CDF5F49243D83E63D67121 /* MultiAssociatedTypeProtocolMock.swift */,
				35CDFA3B917E8CA3A82F50F0 /* MultipleProtocol.swift */,
				35CDF9AFA7EE2AE257005A0D /* MultipleProtocolMock_expected.swift */,
				35CDFFF63923356379BC9353 /* MultipleProtocolMock.swift */,
				35CDFFB32842F28746145AC6 /* NotAvailableInProductionCodeTarget.swift */,
				35CDF6927BF1AE98EFE7A260 /* Object.swift */,
				35CDFB7B3D324EE30BE6BB57 /* OpenProtocol.swift */,
				35CDFEDDECA15AFAFF06D0D9 /* OpenProtocolMock_expected.swift */,
				35CDF83530132F8E7855818C /* OpenProtocolMock.swift */,
				35CDF47EC1150E1485573E85 /* OptionalProtocol.swift */,
				147135AF1E5CD2890096B3B4 /* OptionalProtocolMock_expected.swift */,
				35CDFB561287FB76195FCEB4 /* OptionalProtocolMock.swift */,
				35CDFBA92C09A1ACF62DF333 /* OverloadProtocol.swift */,
				147135B01E5CD2890096B3B4 /* OverloadProtocolMock_expected.swift */,
				35CDFD54367F116349E3F5B8 /* OverloadProtocolMock.swift */,
				35CDFA9FC32F4B055737B39C /* PropertyProtocol.swift */,
				35CDF89B66BA022FCD7EBE19 /* PropertyProtocolMock_expected.swift */,
				35CDF3A6162EB52FFB75945D /* PropertyProtocolMock.swift */,
				35CDF0377EFACC08112BDA34 /* PublicProtocol.swift */,
				35CDFCEF6F60718B731964FE /* PublicProtocolMock_expected.swift */,
				35CDF89CC41D50D230E58B7F /* PublicProtocolMock.swift */,
				35CDF88DC346C3A948F97F63 /* RecursiveProtocol.swift */,
				35CDF79DCE1D697B15C0A2D0 /* RecursiveProtocolMock_expected.swift */,
				35CDFFAEDBA2DA14330D9771 /* RecursiveProtocolMock.swift */,
				35CDF254AAF848D8C5AFCE2B /* SimpleProtocol.swift */,
				147135B11E5CD2890096B3B4 /* SimpleProtocolMock_expected.swift */,
				35CDFEA3978101709224D4C8 /* SimpleProtocolMock.swift */,
				35CDFE90D92D67F8D6E27508 /* UIKitProtocolMock_expected.swift */,
				35CDF2DAC123B8E3F902E0E6 /* UIKitProtocolMock.swift */,
				35CDF0FE758B1E0DEE7CB80C /* MockableTypes */,
				14A4551C1F365EDC008E82EE /* ProductionCode */,
				35CDF06CB3213CCC22CA7148 /* Products */,
				147135A61E5CB2CE0096B3B4 /* Resources */,
				142E99881F15812000B9D7ED /* TestCode */,
				35CDFD5115C0FA23EEADE7AB /* UnitTests */,
				35CDFE5E0B5A26FCFEF40BEA /* SimpleClass.swift */,
				35CDFBA0D3C046C09FF6430F /* SimpleClassMock.swift */,
				35CDF26286EE21491157A611 /* SimpleClassMock_expected.swift */,
				35CDFC56EF46344DE1591DB3 /* UnoverridableClass.swift */,
				35CDF5405AD86FCC525EA6F4 /* UnoverridableClassMock.swift */,
				35CDFC07C7A0D286CB027F3C /* UnoverridableClassMock_expected.swift */,
				35CDF0314EA01EEB30DCB32F /* FinalClass.swift */,
				35CDF323A6DFB1C0D4CD3170 /* FinalClassMock.swift */,
				35CDFD6D580985A878E32041 /* FinalClassMock_expected.swift */,
				35CDF4FA6E00B63F6FD634DB /* InferredTypeClass.swift */,
				35CDF3F08603C2AB53FFF1BA /* InferredTypeClassMock.swift */,
				35CDFFCB9677C3BF1EE17218 /* InferredTypeClassMock_expected.swift */,
				35CDF55A43F68EFD73102AC6 /* PropertyClass.swift */,
				35CDFF920396514504E51E3E /* PropertyClassMock.swift */,
				35CDFF6F97DE873A5B9F97EB /* PropertyClassMock_expected.swift */,
				35CDFF0F206012395A847DFE /* ArgumentInitialiserClassMock.swift */,
				35CDF1F4BF937488F0F077EE /* ArgumentInitialiserClassMock_expected.swift */,
				35CDF26765D503320C391B0D /* ArgumentInitialiserClass.swift */,
				35CDF00F6FBB466298D24849 /* MultipleInitialiserClass.swift */,
				35CDF71AA7F8B8FB09C70D6E /* MultipleInitialiserClassMock_expected.swift */,
				35CDFCBE4E517855B9EDE8F3 /* MultipleInitialiserClassMock.swift */,
				35CDFCC13FAD32CCA1EE4654 /* RequiredInitialiserClass.swift */,
				35CDF5B9345ADE0CDF1FAC48 /* RequiredInitialiserClassMock_expected.swift */,
				35CDFD454A39E0E2D1AF7AF8 /* RequiredInitialiserClassMock.swift */,
			);
			sourceTree = "<group>";
		};
		35CDFD5115C0FA23EEADE7AB /* UnitTests */ = {
			isa = PBXGroup;
			children = (
				35CDF8A84FE24DC4DAAB9925 /* Info.plist */,
				35CDFED98E9657D6E738D0EA /* UnitTests.swift */,
				35CDF2BC05C58805421ADBA3 /* DefaultTypesTest.swift */,
				35CDF8BEBDBC4AA4DA74F282 /* KeywordsTest.swift */,
				35CDFDAF3D9BB6513101ED37 /* InitialiserTest.swift */,
			);
			path = UnitTests;
			sourceTree = "<group>";
		};
/* End PBXGroup section */

/* Begin PBXNativeTarget section */
		142E99861F15811F00B9D7ED /* TestCode */ = {
			isa = PBXNativeTarget;
			buildConfigurationList = 142E998E1F15812000B9D7ED /* Build configuration list for PBXNativeTarget "TestCode" */;
			buildPhases = (
				142E99831F15811F00B9D7ED /* Sources */,
				142E99841F15811F00B9D7ED /* Frameworks */,
				142E99851F15811F00B9D7ED /* Resources */,
			);
			buildRules = (
			);
			dependencies = (
				142E998D1F15812000B9D7ED /* PBXTargetDependency */,
			);
			name = TestCode;
			productName = TestTarget;
			productReference = 142E99871F15811F00B9D7ED /* TestCode.xctest */;
			productType = "com.apple.product-type.bundle.unit-test";
		};
		14A4551A1F365EDC008E82EE /* ProductionCode */ = {
			isa = PBXNativeTarget;
			buildConfigurationList = 14A4552A1F365EDC008E82EE /* Build configuration list for PBXNativeTarget "ProductionCode" */;
			buildPhases = (
				14A455171F365EDC008E82EE /* Sources */,
				14A455181F365EDC008E82EE /* Frameworks */,
				14A455191F365EDC008E82EE /* Resources */,
			);
			buildRules = (
			);
			dependencies = (
			);
			name = ProductionCode;
			productName = ProductionCode;
			productReference = 14A4551B1F365EDC008E82EE /* ProductionCode.app */;
			productType = "com.apple.product-type.application";
		};
		35CDF5BDF4A797CA676D0321 /* UnitTests */ = {
			isa = PBXNativeTarget;
			buildConfigurationList = 35CDFED65D7BB21DAEE074D7 /* Build configuration list for PBXNativeTarget "UnitTests" */;
			buildPhases = (
				35CDF7FADFDCE6A6ACF467CA /* Sources */,
				35CDFF24B86C051A2539BFE6 /* Frameworks */,
				35CDFE766F0329C9512D2039 /* Resources */,
			);
			buildRules = (
			);
			dependencies = (
				14A4552F1F36637F008E82EE /* PBXTargetDependency */,
			);
			name = UnitTests;
			productName = UnitTests;
			productReference = 35CDF0E1646F2F648FD680CB /* UnitTests.xctest */;
			productType = "com.apple.product-type.bundle.unit-test";
		};
		35CDF7D2D5EC61E1253C8D02 /* MockableTypes */ = {
			isa = PBXNativeTarget;
			buildConfigurationList = 35CDFAF5DA637D6D18593548 /* Build configuration list for PBXNativeTarget "MockableTypes" */;
			buildPhases = (
				35CDF88BFCF1E77DF882FF7E /* Sources */,
				35CDFF8769B2183620B7F0AE /* Frameworks */,
				35CDF8B1F9380B7D87DFCEAE /* Resources */,
			);
			buildRules = (
			);
			dependencies = (
			);
			name = MockableTypes;
			productName = MockableTypes;
			productReference = 35CDF7E4282125FB61B4290B /* MockableTypes.app */;
			productType = "com.apple.product-type.application";
		};
/* End PBXNativeTarget section */

/* Begin PBXProject section */
		35CDFEA9990DB547619D629E /* Project object */ = {
			isa = PBXProject;
			attributes = {
				LastSwiftUpdateCheck = 0830;
				LastUpgradeCheck = 0900;
				ORGANIZATIONNAME = "Sean Henry";
				TargetAttributes = {
					142E99861F15811F00B9D7ED = {
						CreatedOnToolsVersion = 8.3.2;
						ProvisioningStyle = Automatic;
						TestTargetID = 35CDF7D2D5EC61E1253C8D02;
					};
					14A4551A1F365EDC008E82EE = {
						CreatedOnToolsVersion = 8.3.2;
						ProvisioningStyle = Automatic;
					};
					35CDF5BDF4A797CA676D0321 = {
						TestTargetID = 35CDF7D2D5EC61E1253C8D02;
					};
				};
			};
			buildConfigurationList = 35CDF8C575F647D720962935 /* Build configuration list for PBXProject "TestProject" */;
			compatibilityVersion = "Xcode 3.2";
			developmentRegion = English;
			hasScannedForEncodings = 0;
			knownRegions = (
				en,
				Base,
			);
			mainGroup = 35CDFBF1DFE39890B6E393A0;
			productRefGroup = 35CDF06CB3213CCC22CA7148 /* Products */;
			projectDirPath = "";
			projectRoot = "";
			targets = (
				14A4551A1F365EDC008E82EE /* ProductionCode */,
				142E99861F15811F00B9D7ED /* TestCode */,
				35CDF7D2D5EC61E1253C8D02 /* MockableTypes */,
				35CDF5BDF4A797CA676D0321 /* UnitTests */,
			);
		};
/* End PBXProject section */

/* Begin PBXResourcesBuildPhase section */
		142E99851F15811F00B9D7ED /* Resources */ = {
			isa = PBXResourcesBuildPhase;
			buildActionMask = 2147483647;
			files = (
			);
			runOnlyForDeploymentPostprocessing = 0;
		};
		14A455191F365EDC008E82EE /* Resources */ = {
			isa = PBXResourcesBuildPhase;
			buildActionMask = 2147483647;
			files = (
				14A455281F365EDC008E82EE /* LaunchScreen.storyboard in Resources */,
				14A455251F365EDC008E82EE /* Assets.xcassets in Resources */,
				14A455231F365EDC008E82EE /* Main.storyboard in Resources */,
			);
			runOnlyForDeploymentPostprocessing = 0;
		};
		35CDF8B1F9380B7D87DFCEAE /* Resources */ = {
			isa = PBXResourcesBuildPhase;
			buildActionMask = 2147483647;
			files = (
				35CDFEC64BDE844E131B979D /* Assets.xcassets in Resources */,
				35CDF06D44F883D45A5B6D80 /* LaunchScreen.storyboard in Resources */,
				35CDFCEA55877C5103C69A62 /* Main.storyboard in Resources */,
			);
			runOnlyForDeploymentPostprocessing = 0;
		};
		35CDFE766F0329C9512D2039 /* Resources */ = {
			isa = PBXResourcesBuildPhase;
			buildActionMask = 2147483647;
			files = (
			);
			runOnlyForDeploymentPostprocessing = 0;
		};
/* End PBXResourcesBuildPhase section */

/* Begin PBXSourcesBuildPhase section */
		142E99831F15811F00B9D7ED /* Sources */ = {
			isa = PBXSourcesBuildPhase;
			buildActionMask = 2147483647;
			files = (
				35CDFEAA773BA228071D9B52 /* OverloadProtocolMock.swift in Sources */,
				35CDF44B80E7858FAD29D923 /* RecursiveProtocolMock.swift in Sources */,
				35CDF259D141E7801030D5F7 /* UIKitProtocolMock.swift in Sources */,
				35CDFED7D847A95AA17FBD6E /* SimpleProtocolMock.swift in Sources */,
				35CDF2EA619DA643B7D469DF /* PublicProtocolMock.swift in Sources */,
				35CDF275BF74CEA4352492FE /* OptionalProtocolMock.swift in Sources */,
				35CDFC4F6AE68D6BB44DA75F /* MultiAssociatedTypeProtocolMock.swift in Sources */,
				35CDFF9FFD48601D11A0DB80 /* AssociatedTypeProtocolMock.swift in Sources */,
				35CDF33CBCA20120A9288B4E /* DiamondInheritanceProtocolMock.swift in Sources */,
				35CDFDB2B47EDAF0A940E0D2 /* ClosureProtocolMock.swift in Sources */,
				35CDF8F0DB810240CC29F0A9 /* PropertyProtocolMock.swift in Sources */,
				35CDF7571672DD153BF55DE8 /* DeepInheritanceMock.swift in Sources */,
				35CDFF7DB2A0A52171850196 /* MultipleProtocolMock.swift in Sources */,
				35CDF1F6F89926E3E1CC3E2A /* OpenProtocolMock.swift in Sources */,
				35CDF0C310F5B85DB745656E /* DefaultValuesMock.swift in Sources */,
				35CDF782742A81DC47A28500 /* KeywordsMock.swift in Sources */,
				35CDF70D9F4871E9B32E951B /* SimpleClassMock.swift in Sources */,
				35CDF2D502E6CCD963F34725 /* UnoverridableClassMock.swift in Sources */,
				35CDF3EAF2E0A22488050942 /* FinalClassMock.swift in Sources */,
				35CDF020BB6644E2403C680F /* InferredTypeClassMock.swift in Sources */,
				35CDF1229A27D0DBA86FECB2 /* PropertyClassMock.swift in Sources */,
				35CDFCA8FCF31CE5142F0189 /* ArgumentInitialiserClassMock.swift in Sources */,
				35CDF29FB87127ABF76B7BF2 /* MultipleInitialiserClassMock.swift in Sources */,
				35CDF691E5A8C7790E907A3E /* RequiredInitialiserClassMock.swift in Sources */,
			);
			runOnlyForDeploymentPostprocessing = 0;
		};
		14A455171F365EDC008E82EE /* Sources */ = {
			isa = PBXSourcesBuildPhase;
			buildActionMask = 2147483647;
			files = (
				14A4552D1F366235008E82EE /* NotAvailableInProductionCodeTarget.swift in Sources */,
				14A455201F365EDC008E82EE /* ViewController.swift in Sources */,
				14A4551E1F365EDC008E82EE /* AppDelegate.swift in Sources */,
			);
			runOnlyForDeploymentPostprocessing = 0;
		};
		35CDF7FADFDCE6A6ACF467CA /* Sources */ = {
			isa = PBXSourcesBuildPhase;
			buildActionMask = 2147483647;
			files = (
				35CDFD81805CB10CED71062D /* UnitTests.swift in Sources */,
				35CDF8544633F847388EF70F /* OverloadProtocolMock_expected.swift in Sources */,
				35CDF47620AFF9DC13824EDD /* DiamondInheritanceProtocolMock_expected.swift in Sources */,
				35CDF634A3EE37DCE89EA8D7 /* ClosureProtocolMock_expected.swift in Sources */,
				35CDF71D3C304577B4F4BC3A /* RecursiveProtocolMock_expected.swift in Sources */,
				35CDF86775A366C2D7046CE0 /* UIKitProtocolMock_expected.swift in Sources */,
				35CDF6940253BF86328FE904 /* DeepInheritanceMock_expected.swift in Sources */,
				35CDF38D1512B12C54D6831D /* MultipleProtocolMock_expected.swift in Sources */,
				35CDF6F629A5217C9D857264 /* MultiAssociatedTypeProtocolMock_expected.swift in Sources */,
				35CDF93E02B13E84E7D6B4FC /* AssociatedTypeProtocolMock_expected.swift in Sources */,
				35CDF1F1F9702172C57E912A /* OptionalProtocolMock_expected.swift in Sources */,
				35CDF4504D4BD464327EFDBC /* PublicProtocolMock_expected.swift in Sources */,
				35CDF4A17279A6D818E66195 /* SimpleProtocolMock_expected.swift in Sources */,
				35CDF4BD6184E57A61CD9076 /* PropertyProtocolMock_expected.swift in Sources */,
				35CDFAAE5571E52DD72EC9E9 /* PropertyProtocol.swift in Sources */,
				35CDFFD120C06D5DE7ED7598 /* DeepInheritance.swift in Sources */,
				35CDF6C5E02EB173615E441D /* OptionalProtocol.swift in Sources */,
				35CDF4126AC43797BF347600 /* MultipleProtocol.swift in Sources */,
				35CDF288C3BCF3C419EFDE49 /* RecursiveProtocol.swift in Sources */,
				35CDF510CF6D0B5D083C8A6F /* AssociatedTypeProtocol.swift in Sources */,
				35CDFCBD41B66F755753FC70 /* SimpleProtocol.swift in Sources */,
				35CDF3CCA6619F3D5870E555 /* ClosureProtocol.swift in Sources */,
				35CDF474DB02AC1D01DE2C7D /* MultiAssociatedTypeProtocol.swift in Sources */,
				14F4529A1F3D01C100452560 /* Keywords.swift in Sources */,
				35CDFB09F162754C114B534F /* DiamondInheritanceProtocol.swift in Sources */,
				35CDF4C1B950E747D4881186 /* OverloadProtocol.swift in Sources */,
				35CDFB058A5302462449C441 /* PublicProtocol.swift in Sources */,
				35CDFD9DE93A350EF6A67596 /* OpenProtocol.swift in Sources */,
				35CDF1289D3702953D8FB1EA /* OpenProtocolMock_expected.swift in Sources */,
				35CDF44A8A36722ADF86B9B9 /* DefaultValues.swift in Sources */,
				35CDFB49EA67E96CD5B2ACF5 /* DefaultValuesMock_expected.swift in Sources */,
				35CDFE87464D893440BFA464 /* DefaultTypesTest.swift in Sources */,
				35CDFCD0BFD5FB332263EA41 /* Object.swift in Sources */,
				35CDF25BC27AEDD6D6F4BB00 /* KeywordsTest.swift in Sources */,
				35CDF1B6E9ED849FF385EDDA /* KeywordsMock_expected.swift in Sources */,
				35CDFE8A3E6B6CEC71B71ED9 /* SimpleClassMock_expected.swift in Sources */,
				35CDFD4D0ABFFEEFF561FEC9 /* UnoverridableClassMock_expected.swift in Sources */,
				35CDF293CC2648C5D45B6101 /* InferredTypeClassMock_expected.swift in Sources */,
				35CDF507A7E13E414C7FCBFB /* PropertyClassMock_expected.swift in Sources */,
				35CDF49CF7767823EC446B6C /* InitialiserTest.swift in Sources */,
				35CDFA6B6668946401D62263 /* ArgumentInitialiserClassMock_expected.swift in Sources */,
				35CDFD1B42F5416490FC551B /* MultipleInitialiserClassMock_expected.swift in Sources */,
				35CDF30316434186453330C1 /* RequiredInitialiserClassMock_expected.swift in Sources */,
			);
			runOnlyForDeploymentPostprocessing = 0;
		};
		35CDF88BFCF1E77DF882FF7E /* Sources */ = {
			isa = PBXSourcesBuildPhase;
			buildActionMask = 2147483647;
			files = (
				35CDFE3A2F9472869394877A /* ViewController.swift in Sources */,
				35CDF2B8C521A05B05681E93 /* SimpleProtocol.swift in Sources */,
				35CDF704B656F07F631D9A56 /* AssociatedTypeProtocol.swift in Sources */,
				35CDF0C44B877824D546E478 /* ClosureProtocol.swift in Sources */,
				35CDF07EBFEFAA74DBA795CF /* DeepInheritance.swift in Sources */,
				35CDFD2A7244E339A06636F1 /* DiamondInheritanceProtocol.swift in Sources */,
				35CDF5C1AC02627CAAEDD38D /* MultiAssociatedTypeProtocol.swift in Sources */,
				35CDFC15830B78365CB3FB49 /* MultipleProtocol.swift in Sources */,
				35CDF9D908208FEEB975FC1F /* OptionalProtocol.swift in Sources */,
				35CDF3E95B14853BE719D3B0 /* OverloadProtocol.swift in Sources */,
				35CDF5732C98F8E988D911D1 /* PropertyProtocol.swift in Sources */,
				35CDFDFA97286841B846AD50 /* RecursiveProtocol.swift in Sources */,
				140B526F1FA419A200F7C63E /* SimpleClass.swift in Sources */,
				35CDF747644B834B3BA1AE65 /* PublicProtocol.swift in Sources */,
				35CDF36AFF314EF4B9C3255B /* OpenProtocol.swift in Sources */,
				35CDF5A07B31D37866B11AAE /* DefaultValues.swift in Sources */,
				14F452981F3D01A100452560 /* Keywords.swift in Sources */,
				35CDFD1764A8710ABA37A5DC /* AppDelegate.swift in Sources */,
				35CDF802FE33559473D9FFA2 /* Object.swift in Sources */,
				35CDF4E97733C34F5200416E /* UnoverridableClass.swift in Sources */,
				35CDF092AE91BE6FDDA4CD24 /* FinalClass.swift in Sources */,
				35CDF722DBD192686DAB7E31 /* InferredTypeClass.swift in Sources */,
				35CDFD1AFE6439711B6BA8DC /* PropertyClass.swift in Sources */,
				35CDFE4A66AF76301F1BEEB3 /* ArgumentInitialiserClass.swift in Sources */,
				35CDF6AC51642C8DAD1BD506 /* MultipleInitialiserClass.swift in Sources */,
				35CDF155231C1B7055BB43E8 /* RequiredInitialiserClass.swift in Sources */,
			);
			runOnlyForDeploymentPostprocessing = 0;
		};
/* End PBXSourcesBuildPhase section */

/* Begin PBXTargetDependency section */
		142E998D1F15812000B9D7ED /* PBXTargetDependency */ = {
			isa = PBXTargetDependency;
			target = 35CDF7D2D5EC61E1253C8D02 /* MockableTypes */;
			targetProxy = 142E998C1F15812000B9D7ED /* PBXContainerItemProxy */;
		};
		14A4552F1F36637F008E82EE /* PBXTargetDependency */ = {
			isa = PBXTargetDependency;
			target = 35CDF7D2D5EC61E1253C8D02 /* MockableTypes */;
			targetProxy = 14A4552E1F36637F008E82EE /* PBXContainerItemProxy */;
		};
/* End PBXTargetDependency section */

/* Begin PBXVariantGroup section */
		14A455211F365EDC008E82EE /* Main.storyboard */ = {
			isa = PBXVariantGroup;
			children = (
				14A455221F365EDC008E82EE /* Base */,
			);
			name = Main.storyboard;
			sourceTree = "<group>";
		};
		14A455261F365EDC008E82EE /* LaunchScreen.storyboard */ = {
			isa = PBXVariantGroup;
			children = (
				14A455271F365EDC008E82EE /* Base */,
			);
			name = LaunchScreen.storyboard;
			sourceTree = "<group>";
		};
		35CDF434C8CF2AC28EBA0449 /* LaunchScreen.storyboard */ = {
			isa = PBXVariantGroup;
			children = (
				35CDF005D869C31B4C4CDBDC /* Base */,
			);
			name = LaunchScreen.storyboard;
			path = Resources;
			sourceTree = "<group>";
		};
		35CDF5E9615CB94E27438335 /* Main.storyboard */ = {
			isa = PBXVariantGroup;
			children = (
				35CDF1C8EAA0DC332B941BD1 /* Base */,
			);
			name = Main.storyboard;
			path = Resources;
			sourceTree = "<group>";
		};
/* End PBXVariantGroup section */

/* Begin XCBuildConfiguration section */
		142E998F1F15812000B9D7ED /* Debug */ = {
			isa = XCBuildConfiguration;
			buildSettings = {
				BUNDLE_LOADER = "$(TEST_HOST)";
				CLANG_ANALYZER_NUMBER_OBJECT_CONVERSION = YES_AGGRESSIVE;
				INFOPLIST_FILE = TestTarget/Info.plist;
				IPHONEOS_DEPLOYMENT_TARGET = 10.3;
				LD_RUNPATH_SEARCH_PATHS = "$(inherited) @executable_path/Frameworks @loader_path/Frameworks";
				PRODUCT_BUNDLE_IDENTIFIER = codes.seanhenry.TestTarget;
				PRODUCT_NAME = "$(TARGET_NAME)";
				TEST_HOST = "$(BUILT_PRODUCTS_DIR)/MockableTypes.app/MockableTypes";
			};
			name = Debug;
		};
		142E99901F15812000B9D7ED /* Release */ = {
			isa = XCBuildConfiguration;
			buildSettings = {
				BUNDLE_LOADER = "$(TEST_HOST)";
				CLANG_ANALYZER_NUMBER_OBJECT_CONVERSION = YES_AGGRESSIVE;
				INFOPLIST_FILE = TestTarget/Info.plist;
				IPHONEOS_DEPLOYMENT_TARGET = 10.3;
				LD_RUNPATH_SEARCH_PATHS = "$(inherited) @executable_path/Frameworks @loader_path/Frameworks";
				PRODUCT_BUNDLE_IDENTIFIER = codes.seanhenry.TestTarget;
				PRODUCT_NAME = "$(TARGET_NAME)";
				TEST_HOST = "$(BUILT_PRODUCTS_DIR)/MockableTypes.app/MockableTypes";
			};
			name = Release;
		};
		14A4552B1F365EDC008E82EE /* Debug */ = {
			isa = XCBuildConfiguration;
			buildSettings = {
				ASSETCATALOG_COMPILER_APPICON_NAME = AppIcon;
				CLANG_ANALYZER_NUMBER_OBJECT_CONVERSION = YES_AGGRESSIVE;
				INFOPLIST_FILE = ProductionCode/Info.plist;
				IPHONEOS_DEPLOYMENT_TARGET = 10.3;
				LD_RUNPATH_SEARCH_PATHS = "$(inherited) @executable_path/Frameworks";
				PRODUCT_BUNDLE_IDENTIFIER = codes.seanhenry.MockableTypes;
				PRODUCT_NAME = "$(TARGET_NAME)";
				TARGETED_DEVICE_FAMILY = 2;
			};
			name = Debug;
		};
		14A4552C1F365EDC008E82EE /* Release */ = {
			isa = XCBuildConfiguration;
			buildSettings = {
				ASSETCATALOG_COMPILER_APPICON_NAME = AppIcon;
				CLANG_ANALYZER_NUMBER_OBJECT_CONVERSION = YES_AGGRESSIVE;
				INFOPLIST_FILE = ProductionCode/Info.plist;
				IPHONEOS_DEPLOYMENT_TARGET = 10.3;
				LD_RUNPATH_SEARCH_PATHS = "$(inherited) @executable_path/Frameworks";
				PRODUCT_BUNDLE_IDENTIFIER = codes.seanhenry.MockableTypes;
				PRODUCT_NAME = "$(TARGET_NAME)";
				TARGETED_DEVICE_FAMILY = 2;
			};
			name = Release;
		};
		35CDF515DB1A02F46E6B2A37 /* Debug */ = {
			isa = XCBuildConfiguration;
			buildSettings = {
				ALWAYS_SEARCH_USER_PATHS = NO;
				CLANG_ANALYZER_NONNULL = YES;
				CLANG_CXX_LANGUAGE_STANDARD = "gnu++0x";
				CLANG_CXX_LIBRARY = "libc++";
				CLANG_ENABLE_MODULES = YES;
				CLANG_ENABLE_OBJC_ARC = YES;
				CLANG_WARN_BLOCK_CAPTURE_AUTORELEASING = YES;
				CLANG_WARN_BOOL_CONVERSION = YES;
				CLANG_WARN_COMMA = YES;
				CLANG_WARN_CONSTANT_CONVERSION = YES;
				CLANG_WARN_DIRECT_OBJC_ISA_USAGE = YES_ERROR;
				CLANG_WARN_DOCUMENTATION_COMMENTS = YES;
				CLANG_WARN_EMPTY_BODY = YES;
				CLANG_WARN_ENUM_CONVERSION = YES;
				CLANG_WARN_INFINITE_RECURSION = YES;
				CLANG_WARN_INT_CONVERSION = YES;
				CLANG_WARN_NON_LITERAL_NULL_CONVERSION = YES;
				CLANG_WARN_OBJC_LITERAL_CONVERSION = YES;
				CLANG_WARN_OBJC_ROOT_CLASS = YES_ERROR;
				CLANG_WARN_RANGE_LOOP_ANALYSIS = YES;
				CLANG_WARN_STRICT_PROTOTYPES = YES;
				CLANG_WARN_SUSPICIOUS_MOVE = YES;
				CLANG_WARN_UNREACHABLE_CODE = YES;
				CLANG_WARN__DUPLICATE_METHOD_MATCH = YES;
				"CODE_SIGN_IDENTITY[sdk=iphoneos*]" = "iPhone Developer";
				COPY_PHASE_STRIP = NO;
				DEBUG_INFORMATION_FORMAT = dwarf;
				ENABLE_STRICT_OBJC_MSGSEND = YES;
				ENABLE_TESTABILITY = YES;
				GCC_C_LANGUAGE_STANDARD = gnu99;
				GCC_DYNAMIC_NO_PIC = NO;
				GCC_NO_COMMON_BLOCKS = YES;
				GCC_OPTIMIZATION_LEVEL = 0;
				GCC_PREPROCESSOR_DEFINITIONS = (
					"DEBUG=1",
					"$(inherited)",
				);
				GCC_WARN_64_TO_32_BIT_CONVERSION = YES;
				GCC_WARN_ABOUT_RETURN_TYPE = YES_ERROR;
				GCC_WARN_UNDECLARED_SELECTOR = YES;
				GCC_WARN_UNINITIALIZED_AUTOS = YES_AGGRESSIVE;
				GCC_WARN_UNUSED_FUNCTION = YES;
				GCC_WARN_UNUSED_VARIABLE = YES;
				IPHONEOS_DEPLOYMENT_TARGET = 10.2;
				MTL_ENABLE_DEBUG_INFO = YES;
				ONLY_ACTIVE_ARCH = YES;
				SDKROOT = iphoneos;
				SWIFT_ACTIVE_COMPILATION_CONDITIONS = DEBUG;
				SWIFT_OPTIMIZATION_LEVEL = "-Onone";
				SWIFT_VERSION = 4.0;
			};
			name = Debug;
		};
		35CDF569D33B24D67C283A44 /* Release */ = {
			isa = XCBuildConfiguration;
			buildSettings = {
				ALWAYS_SEARCH_USER_PATHS = NO;
				BUNDLE_LOADER = "$(TEST_HOST)";
				CLANG_ANALYZER_NONNULL = YES;
				CLANG_ANALYZER_NUMBER_OBJECT_CONVERSION = YES_AGGRESSIVE;
				CLANG_CXX_LANGUAGE_STANDARD = "gnu++0x";
				CLANG_CXX_LIBRARY = "libc++";
				CLANG_ENABLE_MODULES = YES;
				CLANG_ENABLE_OBJC_ARC = YES;
				CLANG_WARN_BOOL_CONVERSION = YES;
				CLANG_WARN_CONSTANT_CONVERSION = YES;
				CLANG_WARN_DIRECT_OBJC_ISA_USAGE = YES_ERROR;
				CLANG_WARN_DOCUMENTATION_COMMENTS = YES;
				CLANG_WARN_EMPTY_BODY = YES;
				CLANG_WARN_ENUM_CONVERSION = YES;
				CLANG_WARN_INFINITE_RECURSION = YES;
				CLANG_WARN_INT_CONVERSION = YES;
				CLANG_WARN_OBJC_ROOT_CLASS = YES_ERROR;
				CLANG_WARN_SUSPICIOUS_MOVE = YES;
				CLANG_WARN_UNREACHABLE_CODE = YES;
				CLANG_WARN__DUPLICATE_METHOD_MATCH = YES;
				"CODE_SIGN_IDENTITY[sdk=iphoneos*]" = "iPhone Developer";
				COPY_PHASE_STRIP = NO;
				DEBUG_INFORMATION_FORMAT = "dwarf-with-dsym";
				ENABLE_NS_ASSERTIONS = NO;
				ENABLE_STRICT_OBJC_MSGSEND = YES;
				GCC_C_LANGUAGE_STANDARD = gnu99;
				GCC_NO_COMMON_BLOCKS = YES;
				GCC_WARN_64_TO_32_BIT_CONVERSION = YES;
				GCC_WARN_ABOUT_RETURN_TYPE = YES_ERROR;
				GCC_WARN_UNDECLARED_SELECTOR = YES;
				GCC_WARN_UNINITIALIZED_AUTOS = YES_AGGRESSIVE;
				GCC_WARN_UNUSED_FUNCTION = YES;
				GCC_WARN_UNUSED_VARIABLE = YES;
				INFOPLIST_FILE = UnitTests/Info.plist;
				IPHONEOS_DEPLOYMENT_TARGET = 10.3;
				LD_RUNPATH_SEARCH_PATHS = "$(inherited) @executable_path/Frameworks @loader_path/Frameworks";
				MTL_ENABLE_DEBUG_INFO = NO;
				PRODUCT_BUNDLE_IDENTIFIER = codes.seanhenry.UnitTests;
				PRODUCT_NAME = "$(TARGET_NAME)";
				SDKROOT = iphoneos;
				SWIFT_OPTIMIZATION_LEVEL = "-Owholemodule";
				TEST_HOST = "$(BUILT_PRODUCTS_DIR)/MockableTypes.app/MockableTypes";
				VALIDATE_PRODUCT = YES;
			};
			name = Release;
		};
		35CDF763E8989A616F4BD63A /* Release */ = {
			isa = XCBuildConfiguration;
			buildSettings = {
				ASSETCATALOG_COMPILER_APPICON_NAME = AppIcon;
				INFOPLIST_FILE = Resources/Info.plist;
				LD_RUNPATH_SEARCH_PATHS = "$(inherited) @executable_path/Frameworks";
				PRODUCT_BUNDLE_IDENTIFIER = codes.seanhenry.ProductionCode;
				PRODUCT_NAME = "$(TARGET_NAME)";
			};
			name = Release;
		};
		35CDFB73287BC319C9AFE880 /* Release */ = {
			isa = XCBuildConfiguration;
			buildSettings = {
				ALWAYS_SEARCH_USER_PATHS = NO;
				CLANG_ANALYZER_NONNULL = YES;
				CLANG_CXX_LANGUAGE_STANDARD = "gnu++0x";
				CLANG_CXX_LIBRARY = "libc++";
				CLANG_ENABLE_MODULES = YES;
				CLANG_ENABLE_OBJC_ARC = YES;
				CLANG_WARN_BLOCK_CAPTURE_AUTORELEASING = YES;
				CLANG_WARN_BOOL_CONVERSION = YES;
				CLANG_WARN_COMMA = YES;
				CLANG_WARN_CONSTANT_CONVERSION = YES;
				CLANG_WARN_DIRECT_OBJC_ISA_USAGE = YES_ERROR;
				CLANG_WARN_DOCUMENTATION_COMMENTS = YES;
				CLANG_WARN_EMPTY_BODY = YES;
				CLANG_WARN_ENUM_CONVERSION = YES;
				CLANG_WARN_INFINITE_RECURSION = YES;
				CLANG_WARN_INT_CONVERSION = YES;
				CLANG_WARN_NON_LITERAL_NULL_CONVERSION = YES;
				CLANG_WARN_OBJC_LITERAL_CONVERSION = YES;
				CLANG_WARN_OBJC_ROOT_CLASS = YES_ERROR;
				CLANG_WARN_RANGE_LOOP_ANALYSIS = YES;
				CLANG_WARN_STRICT_PROTOTYPES = YES;
				CLANG_WARN_SUSPICIOUS_MOVE = YES;
				CLANG_WARN_UNREACHABLE_CODE = YES;
				CLANG_WARN__DUPLICATE_METHOD_MATCH = YES;
				"CODE_SIGN_IDENTITY[sdk=iphoneos*]" = "iPhone Developer";
				COPY_PHASE_STRIP = NO;
				DEBUG_INFORMATION_FORMAT = "dwarf-with-dsym";
				ENABLE_NS_ASSERTIONS = NO;
				ENABLE_STRICT_OBJC_MSGSEND = YES;
				GCC_C_LANGUAGE_STANDARD = gnu99;
				GCC_NO_COMMON_BLOCKS = YES;
				GCC_WARN_64_TO_32_BIT_CONVERSION = YES;
				GCC_WARN_ABOUT_RETURN_TYPE = YES_ERROR;
				GCC_WARN_UNDECLARED_SELECTOR = YES;
				GCC_WARN_UNINITIALIZED_AUTOS = YES_AGGRESSIVE;
				GCC_WARN_UNUSED_FUNCTION = YES;
				GCC_WARN_UNUSED_VARIABLE = YES;
				IPHONEOS_DEPLOYMENT_TARGET = 10.2;
				MTL_ENABLE_DEBUG_INFO = NO;
				SDKROOT = iphoneos;
				SWIFT_OPTIMIZATION_LEVEL = "-Owholemodule";
				SWIFT_VERSION = 4.0;
				VALIDATE_PRODUCT = YES;
			};
			name = Release;
		};
		35CDFF3390EFDDF7955071AD /* Debug */ = {
			isa = XCBuildConfiguration;
			buildSettings = {
				ASSETCATALOG_COMPILER_APPICON_NAME = AppIcon;
				INFOPLIST_FILE = Resources/Info.plist;
				LD_RUNPATH_SEARCH_PATHS = "$(inherited) @executable_path/Frameworks";
				PRODUCT_BUNDLE_IDENTIFIER = codes.seanhenry.ProductionCode;
				PRODUCT_NAME = "$(TARGET_NAME)";
			};
			name = Debug;
		};
		35CDFFBAE6AE18906F7F1721 /* Debug */ = {
			isa = XCBuildConfiguration;
			buildSettings = {
				ALWAYS_SEARCH_USER_PATHS = NO;
				BUNDLE_LOADER = "$(TEST_HOST)";
				CLANG_ANALYZER_NONNULL = YES;
				CLANG_ANALYZER_NUMBER_OBJECT_CONVERSION = YES_AGGRESSIVE;
				CLANG_CXX_LANGUAGE_STANDARD = "gnu++0x";
				CLANG_CXX_LIBRARY = "libc++";
				CLANG_ENABLE_MODULES = YES;
				CLANG_ENABLE_OBJC_ARC = YES;
				CLANG_WARN_BOOL_CONVERSION = YES;
				CLANG_WARN_CONSTANT_CONVERSION = YES;
				CLANG_WARN_DIRECT_OBJC_ISA_USAGE = YES_ERROR;
				CLANG_WARN_DOCUMENTATION_COMMENTS = YES;
				CLANG_WARN_EMPTY_BODY = YES;
				CLANG_WARN_ENUM_CONVERSION = YES;
				CLANG_WARN_INFINITE_RECURSION = YES;
				CLANG_WARN_INT_CONVERSION = YES;
				CLANG_WARN_OBJC_ROOT_CLASS = YES_ERROR;
				CLANG_WARN_SUSPICIOUS_MOVE = YES;
				CLANG_WARN_UNREACHABLE_CODE = YES;
				CLANG_WARN__DUPLICATE_METHOD_MATCH = YES;
				"CODE_SIGN_IDENTITY[sdk=iphoneos*]" = "iPhone Developer";
				COPY_PHASE_STRIP = NO;
				DEBUG_INFORMATION_FORMAT = dwarf;
				ENABLE_STRICT_OBJC_MSGSEND = YES;
				ENABLE_TESTABILITY = YES;
				GCC_C_LANGUAGE_STANDARD = gnu99;
				GCC_DYNAMIC_NO_PIC = NO;
				GCC_NO_COMMON_BLOCKS = YES;
				GCC_OPTIMIZATION_LEVEL = 0;
				GCC_PREPROCESSOR_DEFINITIONS = (
					"DEBUG=1",
					"$(inherited)",
				);
				GCC_WARN_64_TO_32_BIT_CONVERSION = YES;
				GCC_WARN_ABOUT_RETURN_TYPE = YES_ERROR;
				GCC_WARN_UNDECLARED_SELECTOR = YES;
				GCC_WARN_UNINITIALIZED_AUTOS = YES_AGGRESSIVE;
				GCC_WARN_UNUSED_FUNCTION = YES;
				GCC_WARN_UNUSED_VARIABLE = YES;
				INFOPLIST_FILE = UnitTests/Info.plist;
				IPHONEOS_DEPLOYMENT_TARGET = 10.3;
				LD_RUNPATH_SEARCH_PATHS = "$(inherited) @executable_path/Frameworks @loader_path/Frameworks";
				MTL_ENABLE_DEBUG_INFO = YES;
				ONLY_ACTIVE_ARCH = YES;
				PRODUCT_BUNDLE_IDENTIFIER = codes.seanhenry.UnitTests;
				PRODUCT_NAME = "$(TARGET_NAME)";
				SDKROOT = iphoneos;
				SWIFT_ACTIVE_COMPILATION_CONDITIONS = DEBUG;
				SWIFT_OPTIMIZATION_LEVEL = "-Onone";
				TEST_HOST = "$(BUILT_PRODUCTS_DIR)/MockableTypes.app/MockableTypes";
			};
			name = Debug;
		};
/* End XCBuildConfiguration section */

/* Begin XCConfigurationList section */
		142E998E1F15812000B9D7ED /* Build configuration list for PBXNativeTarget "TestCode" */ = {
			isa = XCConfigurationList;
			buildConfigurations = (
				142E998F1F15812000B9D7ED /* Debug */,
				142E99901F15812000B9D7ED /* Release */,
			);
			defaultConfigurationIsVisible = 0;
			defaultConfigurationName = Release;
		};
		14A4552A1F365EDC008E82EE /* Build configuration list for PBXNativeTarget "ProductionCode" */ = {
			isa = XCConfigurationList;
			buildConfigurations = (
				14A4552B1F365EDC008E82EE /* Debug */,
				14A4552C1F365EDC008E82EE /* Release */,
			);
			defaultConfigurationIsVisible = 0;
			defaultConfigurationName = Release;
		};
		35CDF8C575F647D720962935 /* Build configuration list for PBXProject "TestProject" */ = {
			isa = XCConfigurationList;
			buildConfigurations = (
				35CDF515DB1A02F46E6B2A37 /* Debug */,
				35CDFB73287BC319C9AFE880 /* Release */,
			);
			defaultConfigurationIsVisible = 0;
			defaultConfigurationName = Release;
		};
		35CDFAF5DA637D6D18593548 /* Build configuration list for PBXNativeTarget "MockableTypes" */ = {
			isa = XCConfigurationList;
			buildConfigurations = (
				35CDFF3390EFDDF7955071AD /* Debug */,
				35CDF763E8989A616F4BD63A /* Release */,
			);
			defaultConfigurationIsVisible = 0;
			defaultConfigurationName = Release;
		};
		35CDFED65D7BB21DAEE074D7 /* Build configuration list for PBXNativeTarget "UnitTests" */ = {
			isa = XCConfigurationList;
			buildConfigurations = (
				35CDFFBAE6AE18906F7F1721 /* Debug */,
				35CDF569D33B24D67C283A44 /* Release */,
			);
			defaultConfigurationIsVisible = 0;
			defaultConfigurationName = Release;
		};
/* End XCConfigurationList section */
	};
	rootObject = 35CDFEA9990DB547619D629E /* Project object */;
}
